
Microsoft Visual Studio Solution File, Format Version 12.00
# Visual Studio 15
VisualStudioVersion = 15.0.27703.2047
MinimumVisualStudioVersion = 10.0.40219.1
Project("{FAE04EC0-301F-11D3-BF4B-00C04F79EFBC}") = "CallAnalytics", "CallAnalytics\CallAnalytics.csproj", "{69FF7AEF-010A-4247-B949-359A3B702A5A}"
EndProject
Global
	GlobalSection(SolutionConfigurationPlatforms) = preSolution
		Debug|Any CPU = Debug|Any CPU
		Release|Any CPU = Release|Any CPU
	EndGlobalSection
	GlobalSection(ProjectConfigurationPlatforms) = postSolution
		{69FF7AEF-010A-4247-B949-359A3B702A5A}.Debug|Any CPU.ActiveCfg = Debug|Any CPU
		{69FF7AEF-010A-4247-B949-359A3B702A5A}.Debug|Any CPU.Build.0 = Debug|Any CPU
		{69FF7AEF-010A-4247-B949-359A3B702A5A}.Release|Any CPU.ActiveCfg = Release|Any CPU
		{69FF7AEF-010A-4247-B949-359A3B702A5A}.Release|Any CPU.Build.0 = Release|Any CPU
	EndGlobalSection
	GlobalSection(SolutionProperties) = preSolution
		HideSolutionNode = FALSE
	EndGlobalSection
	GlobalSection(ExtensibilityGlobals) = postSolution
		SolutionGuid = {ABAB57C1-5D27-4EAF-B5CF-D5906AB58164}
	EndGlobalSection
EndGlobal
